<?xml version="1.0" encoding="utf-8"?>
<Project ToolsVersion="4.0" xmlns="http://schemas.microsoft.com/developer/msbuild/2003">
  <ItemGroup>
    <ClCompile Include="EnemyPokemon.cpp" />
    <ClCompile Include="GUI.cpp" />
    <ClCompile Include="MainMenu.cpp" />
    <ClCompile Include="SFMLInput.cpp" />
    <ClCompile Include="SFMLRectangle.cpp" />
    <ClCompile Include="src\Game.cpp" />
    <ClCompile Include="src\main.cpp" />
    <ClCompile Include="src\Pokemon.cpp" />
    <ClCompile Include="src\projectile.cpp" />
    <ClCompile Include="src\SFMLDrawable.cpp" />
    <ClCompile Include="PokemonBar.cpp" />
  </ItemGroup>
  <ItemGroup>
    <ClInclude Include="EnemyPokemon.h" />
    <ClInclude Include="GameState.h" />
    <ClInclude Include="GUI.h" />
    <ClInclude Include="include\Drawable.h" />
    <ClInclude Include="include\Game.h" />
    <ClInclude Include="include\Gizmos.h" />
    <ClInclude Include="include\Input.h" />
    <ClInclude Include="include\Pokemon.h" />
    <ClInclude Include="include\projectile.h" />
    <ClInclude Include="include\SFMLDrawable.h" />
    <ClInclude Include="MainMenu.h" />
    <ClInclude Include="SFMLInput.h" />
    <ClInclude Include="SFMLRectangle.h" />
    <ClInclude Include="Types.h" />
    <ClInclude Include="PokemonBar.h" />
  </ItemGroup>
  <ItemGroup>
    <Image Include="resources\images\BadGrass.png" />
    <Image Include="resources\images\beedrill.png" />
    <Image Include="resources\images\blastoise.png" />
    <Image Include="resources\images\bulbasaur.png" />
    <Image Include="resources\images\charizard.png" />
    <Image Include="resources\images\charmander.png" />
    <Image Include="resources\images\electric.png" />
    <Image Include="resources\images\fire.png" />
    <Image Include="resources\images\firepikachu.png" />
    <Image Include="resources\images\NiceGrass.png" />
    <Image Include="resources\images\pikachu.png" />
    <Image Include="resources\images\squirtle.png" />
    <Image Include="resources\images\water.png" />
    <Image Include="resources\images\waterpikachu.png" />
  </ItemGroup>
  <ItemGroup>
    <Font Include="resources\fonts\Gameplay.ttf" />
  </ItemGroup>
</Project>